
Microsoft Visual Studio Solution File, Format Version 12.00
# Visual Studio Version 17
VisualStudioVersion = 17.0.32014.148
MinimumVisualStudioVersion = 10.0.40219.1
Project("{FAE04EC0-301F-11D3-BF4B-00C04F79EFBC}") = "SD-125_BugTracker", "SD-125_BugTracker.csproj", "{C5709FEB-6641-4370-AD0D-7CE02C40666E}"
EndProject
Global
	GlobalSection(SolutionConfigurationPlatforms) = preSolution
		Debug|Any CPU = Debug|Any CPU
		Release|Any CPU = Release|Any CPU
	EndGlobalSection
	GlobalSection(ProjectConfigurationPlatforms) = postSolution
		{C5709FEB-6641-4370-AD0D-7CE02C40666E}.Debug|Any CPU.ActiveCfg = Debug|Any CPU
		{C5709FEB-6641-4370-AD0D-7CE02C40666E}.Debug|Any CPU.Build.0 = Debug|Any CPU
		{C5709FEB-6641-4370-AD0D-7CE02C40666E}.Release|Any CPU.ActiveCfg = Release|Any CPU
		{C5709FEB-6641-4370-AD0D-7CE02C40666E}.Release|Any CPU.Build.0 = Release|Any CPU
	EndGlobalSection
	GlobalSection(SolutionProperties) = preSolution
		HideSolutionNode = FALSE
	EndGlobalSection
	GlobalSection(ExtensibilityGlobals) = postSolution
		SolutionGuid = {E89348DB-BF09-499A-B677-6730D82455B6}
	EndGlobalSection
EndGlobal
